
Microsoft Visual Studio Solution File, Format Version 12.00
# Visual Studio 15
VisualStudioVersion = 15.0.26403.7
MinimumVisualStudioVersion = 10.0.40219.1
Project("{FAE04EC0-301F-11D3-BF4B-00C04F79EFBC}") = "MusicRecognition", "MusicRecognition\MusicRecognition.csproj", "{E6BAE49D-95B4-4CBF-A8B0-CEB8D574800C}"
EndProject
Project("{2150E333-8FDC-42A3-9474-1A3956D46DE8}") = "Domain", "Domain", "{37BE47A6-8423-404D-8412-9395546879C7}"
EndProject
Project("{FAE04EC0-301F-11D3-BF4B-00C04F79EFBC}") = "MusicRecognition.Core", "MusicRecognition.Core\MusicRecognition.Core.csproj", "{DA819573-C049-4E48-90E6-8BFC7FF02941}"
EndProject
Global
	GlobalSection(SolutionConfigurationPlatforms) = preSolution
		Debug|Any CPU = Debug|Any CPU
		Release|Any CPU = Release|Any CPU
	EndGlobalSection
	GlobalSection(ProjectConfigurationPlatforms) = postSolution
		{E6BAE49D-95B4-4CBF-A8B0-CEB8D574800C}.Debug|Any CPU.ActiveCfg = Debug|Any CPU
		{E6BAE49D-95B4-4CBF-A8B0-CEB8D574800C}.Debug|Any CPU.Build.0 = Debug|Any CPU
		{E6BAE49D-95B4-4CBF-A8B0-CEB8D574800C}.Release|Any CPU.ActiveCfg = Release|Any CPU
		{E6BAE49D-95B4-4CBF-A8B0-CEB8D574800C}.Release|Any CPU.Build.0 = Release|Any CPU
		{DA819573-C049-4E48-90E6-8BFC7FF02941}.Debug|Any CPU.ActiveCfg = Debug|Any CPU
		{DA819573-C049-4E48-90E6-8BFC7FF02941}.Debug|Any CPU.Build.0 = Debug|Any CPU
		{DA819573-C049-4E48-90E6-8BFC7FF02941}.Release|Any CPU.ActiveCfg = Release|Any CPU
		{DA819573-C049-4E48-90E6-8BFC7FF02941}.Release|Any CPU.Build.0 = Release|Any CPU
	EndGlobalSection
	GlobalSection(SolutionProperties) = preSolution
		HideSolutionNode = FALSE
	EndGlobalSection
	GlobalSection(NestedProjects) = preSolution
		{DA819573-C049-4E48-90E6-8BFC7FF02941} = {37BE47A6-8423-404D-8412-9395546879C7}
	EndGlobalSection
EndGlobal
